<?xml version="1.0" encoding="utf-8"?>
<Project ToolsVersion="4.0" xmlns="http://schemas.microsoft.com/developer/msbuild/2003">
  <ItemGroup>
    <Filter Include="共通">
      <UniqueIdentifier>8eb20620-14bc-44e1-9b3c-49efc0a42e79</UniqueIdentifier>
    </Filter>
    <Filter Include="資産">
      <UniqueIdentifier>3d6b59c8-f44a-4b39-a7c0-94125ff2353f</UniqueIdentifier>
      <Extensions>bmp;fbx;gif;jpg;jpeg;tga;tiff;tif;png</Extensions>
    </Filter>
    <Filter Include="コンテンツ">
      <UniqueIdentifier>f71da7d4-140f-43f7-809e-c3c2d0bb652b</UniqueIdentifier>
    </Filter>
    <ClInclude Include="Common\DirectXHelper.h">
      <Filter>共通</Filter>
    </ClInclude>
    <ClInclude Include="Common\StepTimer.h">
      <Filter>共通</Filter>
    </ClInclude>
    <ClInclude Include="Common\DeviceResources.h">
      <Filter>共通</Filter>
    </ClInclude>
    <ClCompile Include="Common\DeviceResources.cpp">
      <Filter>共通</Filter>
    </ClCompile>
    <Image Include="Assets\LockScreenLogo.scale-200.png">
      <Filter>資産</Filter>
    </Image>
    <Image Include="Assets\SplashScreen.scale-200.png">
      <Filter>資産</Filter>
    </Image>
    <Image Include="Assets\Square150x150Logo.scale-200.png">
      <Filter>資産</Filter>
    </Image>
    <Image Include="Assets\Square44x44Logo.scale-200.png">
      <Filter>資産</Filter>
    </Image>
    <Image Include="Assets\Square44x44Logo.targetsize-24_altform-unplated.png">
      <Filter>資産</Filter>
    </Image>
    <Filter Include="Assets">
      <UniqueIdentifier>{9939a12e-4606-435d-832d-806917357ef9}</UniqueIdentifier>
    </Filter>
    <Filter Include="sybil">
      <UniqueIdentifier>{dec483e2-312e-44ba-891b-1e027b80a1fd}</UniqueIdentifier>
    </Filter>
    <Filter Include="コンテンツ\javascript">
      <UniqueIdentifier>{818292ff-fc09-44f9-9eb6-51a410d615c2}</UniqueIdentifier>
    </Filter>
  </ItemGroup>
  <ItemGroup>
    <ClCompile Include="App.cpp" />
    <ClCompile Include="FrameTestApp1Main.cpp" />
    <ClCompile Include="pch.cpp" />
    <ClCompile Include="Content\Caret.cpp">
      <Filter>コンテンツ</Filter>
    </ClCompile>
    <ClCompile Include="Content\D2DCommon.cpp">
      <Filter>コンテンツ</Filter>
    </ClCompile>
    <ClCompile Include="Content\D2DContext.cpp">
      <Filter>コンテンツ</Filter>
    </ClCompile>
    <ClCompile Include="Content\D2DMainWindow.cpp">
      <Filter>コンテンツ</Filter>
    </ClCompile>
    <ClCompile Include="Content\D2DTextbox.cpp">
      <Filter>コンテンツ</Filter>
    </ClCompile>
    <ClCompile Include="Content\D2DUniversalControl.cpp">
      <Filter>コンテンツ</Filter>
    </ClCompile>
    <ClCompile Include="Content\Higgsjson.cpp">
      <Filter>コンテンツ</Filter>
    </ClCompile>
    <ClCompile Include="Content\httputil.cpp">
      <Filter>コンテンツ</Filter>
    </ClCompile>
    <ClCompile Include="Entry.cpp" />
    <ClCompile Include="Content\D2DDriftDialog.cpp">
      <Filter>コンテンツ</Filter>
    </ClCompile>
    <ClCompile Include="Content\D2DListbox.cpp">
      <Filter>コンテンツ</Filter>
    </ClCompile>
    <ClCompile Include="SampleTest.cpp">
      <Filter>sybil</Filter>
    </ClCompile>
    <ClCompile Include="Content\D2DControlsWithScrollbar.cpp">
      <Filter>コンテンツ</Filter>
    </ClCompile>
    <ClCompile Include="Content\D2DDevelop.cpp">
      <Filter>コンテンツ</Filter>
    </ClCompile>
    <ClCompile Include="Content\D2DChildFrame.cpp">
      <Filter>コンテンツ</Filter>
    </ClCompile>
    <ClCompile Include="Content\D2DMessageBox.cpp">
      <Filter>コンテンツ</Filter>
    </ClCompile>
    <ClCompile Include="Content\CJsValueRef.cpp">
      <Filter>コンテンツ\javascript</Filter>
    </ClCompile>
    <ClCompile Include="Content\script.cpp">
      <Filter>コンテンツ\javascript</Filter>
    </ClCompile>
    <ClCompile Include="Content\InvokeHelper.cpp">
      <Filter>コンテンツ</Filter>
    </ClCompile>
    <ClCompile Include="AppApi.cpp">
      <Filter>コンテンツ</Filter>
    </ClCompile>
  </ItemGroup>
  <ItemGroup>
    <ClInclude Include="App.h" />
    <ClInclude Include="FrameTestApp1Main.h" />
    <ClInclude Include="pch.h" />
    <ClInclude Include="Content\D2DDriftDialog.h">
      <Filter>コンテンツ</Filter>
    </ClInclude>
    <ClInclude Include="SampleTest.h">
      <Filter>sybil</Filter>
    </ClInclude>
    <ClInclude Include="Content\vectorstack.h">
      <Filter>コンテンツ</Filter>
    </ClInclude>
    <ClInclude Include="Content\threadlock.h">
      <Filter>コンテンツ</Filter>
    </ClInclude>
    <ClInclude Include="Content\D2DDevelop.h">
      <Filter>コンテンツ</Filter>
    </ClInclude>
    <ClInclude Include="Content\CJsValueRef.h">
      <Filter>コンテンツ\javascript</Filter>
    </ClInclude>
    <ClInclude Include="Content\script.h">
      <Filter>コンテンツ\javascript</Filter>
    </ClInclude>
  </ItemGroup>
  <ItemGroup>
    <Image Include="Assets\StoreLogo.png">
      <Filter>資産</Filter>
    </Image>
    <Image Include="Assets\Wide310x150Logo.scale-200.png">
      <Filter>資産</Filter>
    </Image>
    <Image Include="Assets\SmallTile.scale-100.png">
      <Filter>Assets</Filter>
    </Image>
    <Image Include="Assets\SmallTile.scale-125.png">
      <Filter>Assets</Filter>
    </Image>
    <Image Include="Assets\SmallTile.scale-150.png">
      <Filter>Assets</Filter>
    </Image>
    <Image Include="Assets\SmallTile.scale-200.png">
      <Filter>Assets</Filter>
    </Image>
    <Image Include="Assets\SmallTile.scale-400.png">
      <Filter>Assets</Filter>
    </Image>
    <Image Include="Assets\Square150x150Logo.scale-100.png">
      <Filter>Assets</Filter>
    </Image>
    <Image Include="Assets\Square150x150Logo.scale-125.png">
      <Filter>Assets</Filter>
    </Image>
    <Image Include="Assets\Square150x150Logo.scale-150.png">
      <Filter>Assets</Filter>
    </Image>
    <Image Include="Assets\Square150x150Logo.scale-400.png">
      <Filter>Assets</Filter>
    </Image>
    <Image Include="Assets\Wide310x150Logo.scale-100.png">
      <Filter>Assets</Filter>
    </Image>
    <Image Include="Assets\Wide310x150Logo.scale-125.png">
      <Filter>Assets</Filter>
    </Image>
    <Image Include="Assets\Wide310x150Logo.scale-150.png">
      <Filter>Assets</Filter>
    </Image>
    <Image Include="Assets\Wide310x150Logo.scale-400.png">
      <Filter>Assets</Filter>
    </Image>
    <Image Include="Assets\LargeTile.scale-100.png">
      <Filter>Assets</Filter>
    </Image>
    <Image Include="Assets\LargeTile.scale-125.png">
      <Filter>Assets</Filter>
    </Image>
    <Image Include="Assets\LargeTile.scale-150.png">
      <Filter>Assets</Filter>
    </Image>
    <Image Include="Assets\LargeTile.scale-200.png">
      <Filter>Assets</Filter>
    </Image>
    <Image Include="Assets\LargeTile.scale-400.png">
      <Filter>Assets</Filter>
    </Image>
    <Image Include="Assets\Square44x44Logo.scale-100.png">
      <Filter>Assets</Filter>
    </Image>
    <Image Include="Assets\Square44x44Logo.scale-125.png">
      <Filter>Assets</Filter>
    </Image>
    <Image Include="Assets\Square44x44Logo.scale-150.png">
      <Filter>Assets</Filter>
    </Image>
    <Image Include="Assets\Square44x44Logo.scale-400.png">
      <Filter>Assets</Filter>
    </Image>
    <Image Include="Assets\Square44x44Logo.targetsize-16.png">
      <Filter>Assets</Filter>
    </Image>
    <Image Include="Assets\Square44x44Logo.targetsize-24.png">
      <Filter>Assets</Filter>
    </Image>
    <Image Include="Assets\Square44x44Logo.targetsize-32.png">
      <Filter>Assets</Filter>
    </Image>
    <Image Include="Assets\Square44x44Logo.targetsize-48.png">
      <Filter>Assets</Filter>
    </Image>
    <Image Include="Assets\Square44x44Logo.targetsize-256.png">
      <Filter>Assets</Filter>
    </Image>
    <Image Include="Assets\Square44x44Logo.altform-unplated_targetsize-16.png">
      <Filter>Assets</Filter>
    </Image>
    <Image Include="Assets\Square44x44Logo.altform-unplated_targetsize-32.png">
      <Filter>Assets</Filter>
    </Image>
    <Image Include="Assets\Square44x44Logo.altform-unplated_targetsize-48.png">
      <Filter>Assets</Filter>
    </Image>
    <Image Include="Assets\Square44x44Logo.altform-unplated_targetsize-256.png">
      <Filter>Assets</Filter>
    </Image>
    <Image Include="Assets\SplashScreen.scale-100.png">
      <Filter>Assets</Filter>
    </Image>
    <Image Include="Assets\SplashScreen.scale-125.png">
      <Filter>Assets</Filter>
    </Image>
    <Image Include="Assets\SplashScreen.scale-150.png">
      <Filter>Assets</Filter>
    </Image>
    <Image Include="Assets\SplashScreen.scale-400.png">
      <Filter>Assets</Filter>
    </Image>
    <Image Include="Assets\BadgeLogo.scale-100.png">
      <Filter>Assets</Filter>
    </Image>
    <Image Include="Assets\BadgeLogo.scale-125.png">
      <Filter>Assets</Filter>
    </Image>
    <Image Include="Assets\BadgeLogo.scale-150.png">
      <Filter>Assets</Filter>
    </Image>
    <Image Include="Assets\BadgeLogo.scale-200.png">
      <Filter>Assets</Filter>
    </Image>
    <Image Include="Assets\BadgeLogo.scale-400.png">
      <Filter>Assets</Filter>
    </Image>
    <Image Include="Assets\StoreLogo.scale-100.png">
      <Filter>Assets</Filter>
    </Image>
    <Image Include="Assets\StoreLogo.scale-125.png">
      <Filter>Assets</Filter>
    </Image>
    <Image Include="Assets\StoreLogo.scale-150.png">
      <Filter>Assets</Filter>
    </Image>
    <Image Include="Assets\StoreLogo.scale-200.png">
      <Filter>Assets</Filter>
    </Image>
    <Image Include="Assets\StoreLogo.scale-400.png">
      <Filter>Assets</Filter>
    </Image>
  </ItemGroup>
  <ItemGroup>
    <AppxManifest Include="Package.appxmanifest" />
  </ItemGroup>
  <ItemGroup>
    <None Include="FrameTestApp1_TemporaryKey.pfx" />
    <None Include="sample-msft-20170814.csv" />
    <None Include="init.js" />
    <None Include="Entry.js" />
  </ItemGroup>
</Project>