<?xml version="1.0" encoding="utf-8"?>
<Project ToolsVersion="4.0" xmlns="http://schemas.microsoft.com/developer/msbuild/2003">
  <ItemGroup>
    <Filter Include="共通">
      <UniqueIdentifier>a16446b5-ac67-4ea7-925d-4247b63b877d</UniqueIdentifier>
    </Filter>
    <Filter Include="アセット">
      <UniqueIdentifier>f6e4d5b7-8f74-44c3-81b3-cfb2d13ce356</UniqueIdentifier>
      <Extensions>bmp;fbx;gif;jpg;jpeg;tga;tiff;tif;png</Extensions>
    </Filter>
    <Filter Include="コンテンツ">
      <UniqueIdentifier>3a2462c2-95ea-4b07-be02-3d43cd8f9852</UniqueIdentifier>
    </Filter>
    <ClInclude Include="Common\DirectXHelper.h">
      <Filter>共通</Filter>
    </ClInclude>
    <ClInclude Include="Common\StepTimer.h">
      <Filter>共通</Filter>
    </ClInclude>
    <ClInclude Include="Common\DeviceResources.h">
      <Filter>共通</Filter>
    </ClInclude>
    <ClCompile Include="Common\DeviceResources.cpp">
      <Filter>共通</Filter>
    </ClCompile>
    <Image Include="Assets\LockScreenLogo.scale-200.png">
      <Filter>アセット</Filter>
    </Image>
    <Image Include="Assets\SplashScreen.scale-200.png">
      <Filter>アセット</Filter>
    </Image>
    <Image Include="Assets\Square150x150Logo.scale-200.png">
      <Filter>アセット</Filter>
    </Image>
    <Image Include="Assets\Square44x44Logo.scale-200.png">
      <Filter>アセット</Filter>
    </Image>
    <Image Include="Assets\Square44x44Logo.targetsize-24_altform-unplated.png">
      <Filter>アセット</Filter>
    </Image>
    <Image Include="Assets\Wide310x150Logo.scale-200.png">
      <Filter>アセット</Filter>
    </Image>
    <Filter Include="libsrc">
      <UniqueIdentifier>{8e5ac78f-28a0-4a93-ae1a-ecb76b643588}</UniqueIdentifier>
    </Filter>
  </ItemGroup>
  <ItemGroup>
    <ClCompile Include="App.cpp" />
    <ClCompile Include="App2Main.cpp" />
    <ClCompile Include="pch.cpp" />
    <ClCompile Include="..\libsrc\Caret.cpp">
      <Filter>libsrc</Filter>
    </ClCompile>
    <ClCompile Include="..\libsrc\D2CoreTextBridge.cpp">
      <Filter>libsrc</Filter>
    </ClCompile>
    <ClCompile Include="..\libsrc\D2DCommon.cpp">
      <Filter>libsrc</Filter>
    </ClCompile>
    <ClCompile Include="..\libsrc\D2DContext.cpp">
      <Filter>libsrc</Filter>
    </ClCompile>
    <ClCompile Include="..\libsrc\D2DMainWindow.cpp">
      <Filter>libsrc</Filter>
    </ClCompile>
    <ClCompile Include="..\libsrc\D2DTextbox.cpp">
      <Filter>libsrc</Filter>
    </ClCompile>
    <ClCompile Include="..\libsrc\D2DUniversalControl.cpp">
      <Filter>libsrc</Filter>
    </ClCompile>
    <ClCompile Include="..\libsrc\D2DUniversalControlBase.cpp">
      <Filter>libsrc</Filter>
    </ClCompile>
    <ClCompile Include="..\libsrc\D2DUniversalControlsBase.cpp">
      <Filter>libsrc</Filter>
    </ClCompile>
    <ClCompile Include="..\libsrc\Higgsjson.cpp">
      <Filter>libsrc</Filter>
    </ClCompile>
    <ClCompile Include="Entry.cpp" />
    <ClCompile Include="..\libsrc\D2DImeApp.cpp">
      <Filter>libsrc</Filter>
    </ClCompile>
  </ItemGroup>
  <ItemGroup>
    <ClInclude Include="App.h" />
    <ClInclude Include="App2Main.h" />
    <ClInclude Include="pch.h" />
    <ClInclude Include="Entry.h" />
  </ItemGroup>
  <ItemGroup>
    <Image Include="Assets\StoreLogo.png">
      <Filter>アセット</Filter>
    </Image>
  </ItemGroup>
  <ItemGroup>
    <AppxManifest Include="Package.appxmanifest" />
  </ItemGroup>
</Project>